
Microsoft Visual Studio Solution File, Format Version 12.00
# Visual Studio Version 17
VisualStudioVersion = 17.5.002.0
MinimumVisualStudioVersion = 10.0.40219.1
Project("{9A19103F-16F7-4668-BE54-9A1E7A4F7556}") = "WorkerClient", "WorkerClient\WorkerClient.csproj", "{549B01B3-7C79-4FD1-98CE-E2A8DC87A9FB}"
EndProject
Project("{9A19103F-16F7-4668-BE54-9A1E7A4F7556}") = "WorkerActor", "WorkerActor\WorkerActor.csproj", "{2B758AA6-9DBE-4848-82EF-3A8FB2CD5261}"
EndProject
Global
	GlobalSection(SolutionConfigurationPlatforms) = preSolution
		Debug|Any CPU = Debug|Any CPU
		Release|Any CPU = Release|Any CPU
	EndGlobalSection
	GlobalSection(ProjectConfigurationPlatforms) = postSolution
		{549B01B3-7C79-4FD1-98CE-E2A8DC87A9FB}.Debug|Any CPU.ActiveCfg = Debug|Any CPU
		{549B01B3-7C79-4FD1-98CE-E2A8DC87A9FB}.Debug|Any CPU.Build.0 = Debug|Any CPU
		{549B01B3-7C79-4FD1-98CE-E2A8DC87A9FB}.Release|Any CPU.ActiveCfg = Release|Any CPU
		{549B01B3-7C79-4FD1-98CE-E2A8DC87A9FB}.Release|Any CPU.Build.0 = Release|Any CPU
		{2B758AA6-9DBE-4848-82EF-3A8FB2CD5261}.Debug|Any CPU.ActiveCfg = Debug|Any CPU
		{2B758AA6-9DBE-4848-82EF-3A8FB2CD5261}.Debug|Any CPU.Build.0 = Debug|Any CPU
		{2B758AA6-9DBE-4848-82EF-3A8FB2CD5261}.Release|Any CPU.ActiveCfg = Release|Any CPU
		{2B758AA6-9DBE-4848-82EF-3A8FB2CD5261}.Release|Any CPU.Build.0 = Release|Any CPU
	EndGlobalSection
	GlobalSection(SolutionProperties) = preSolution
		HideSolutionNode = FALSE
	EndGlobalSection
	GlobalSection(ExtensibilityGlobals) = postSolution
		SolutionGuid = {70A9DF46-F3F7-46F8-92FA-B6F0F1CF7304}
	EndGlobalSection
EndGlobal
